{
  "requires": true,
  "lockfileVersion": 1,
  "dependencies": {
    "is-gzip": {
      "version": "2.0.0",
      "resolved": "https://registry.npmjs.org/is-gzip/-/is-gzip-2.0.0.tgz",
      "integrity": "sha512-jtO4Njg6q58zDo/Pu4027beSZ0VdsZlt8/5Moco6yAg+DIxb5BK/xUYqYG2+MD4+piKldXJNHxRkhEYI2fvrxA=="
    },
    "zlib": {
      "version": "1.0.5",
      "resolved": "https://registry.npmjs.org/zlib/-/zlib-1.0.5.tgz",
      "integrity": "sha1-bnyXL8NxxkWmr7A6sUdp3vEU/MA="
    }
  }
}
